
Microsoft Visual Studio Solution File, Format Version 12.00
# Visual Studio Version 17
VisualStudioVersion = 17.12.35527.113 d17.12
MinimumVisualStudioVersion = 10.0.40219.1
Project("{FAE04EC0-301F-11D3-BF4B-00C04F79EFBC}") = "Uppg_databaser", "Uppg_databaser.csproj", "{9CAE9319-C220-4A14-B8DC-B426DA9A26EB}"
EndProject
Global
	GlobalSection(SolutionConfigurationPlatforms) = preSolution
		Debug|Any CPU = Debug|Any CPU
		Release|Any CPU = Release|Any CPU
	EndGlobalSection
	GlobalSection(ProjectConfigurationPlatforms) = postSolution
		{9CAE9319-C220-4A14-B8DC-B426DA9A26EB}.Debug|Any CPU.ActiveCfg = Debug|Any CPU
		{9CAE9319-C220-4A14-B8DC-B426DA9A26EB}.Debug|Any CPU.Build.0 = Debug|Any CPU
		{9CAE9319-C220-4A14-B8DC-B426DA9A26EB}.Release|Any CPU.ActiveCfg = Release|Any CPU
		{9CAE9319-C220-4A14-B8DC-B426DA9A26EB}.Release|Any CPU.Build.0 = Release|Any CPU
	EndGlobalSection
	GlobalSection(SolutionProperties) = preSolution
		HideSolutionNode = FALSE
	EndGlobalSection
EndGlobal
